
Microsoft Visual Studio Solution File, Format Version 12.00
# Visual Studio Version 16
VisualStudioVersion = 16.0.29001.49
MinimumVisualStudioVersion = 10.0.40219.1
Project("{FAE04EC0-301F-11D3-BF4B-00C04F79EFBC}") = "NinjaBattle.Test", "NinjaBattle.Test\NinjaBattle.Test.csproj", "{18916D5C-ED74-4D78-AC2C-422C1A0B82D6}"
EndProject
Project("{9A19103F-16F7-4668-BE54-9A1E7A4F7556}") = "NinjaBattle.Domain", "NinjaBattle.Domain\NinjaBattle.Domain.csproj", "{51132625-D3C4-4B0B-9CF4-F8BE2F25B4C5}"
EndProject
Project("{FAE04EC0-301F-11D3-BF4B-00C04F79EFBC}") = "NinjaBattle.Droid", "NinjaBattle.Droid\NinjaBattle.Droid.csproj", "{D49D748D-9DCA-47E2-9D26-38851AE60EBE}"
EndProject
Project("{FAE04EC0-301F-11D3-BF4B-00C04F79EFBC}") = "NinjaBattle.Windows", "NinjaBattle.Windows\NinjaBattle.Windows.csproj", "{17C301CB-58E0-49A0-9892-89C147E17CBF}"
EndProject
Project("{FAE04EC0-301F-11D3-BF4B-00C04F79EFBC}") = "NinjaFruitBattle.WebApi", "NinjaFruitBattle.WebApi\NinjaFruitBattle.WebApi.csproj", "{DFE826E5-D5C1-4703-A4B0-28FC6A17B4E2}"
EndProject
Global
	GlobalSection(SolutionConfigurationPlatforms) = preSolution
		Debug|Any CPU = Debug|Any CPU
		Debug|x86 = Debug|x86
		Release|Any CPU = Release|Any CPU
		Release|x86 = Release|x86
	EndGlobalSection
	GlobalSection(ProjectConfigurationPlatforms) = postSolution
		{18916D5C-ED74-4D78-AC2C-422C1A0B82D6}.Debug|Any CPU.ActiveCfg = Debug|Any CPU
		{18916D5C-ED74-4D78-AC2C-422C1A0B82D6}.Debug|Any CPU.Build.0 = Debug|Any CPU
		{18916D5C-ED74-4D78-AC2C-422C1A0B82D6}.Debug|x86.ActiveCfg = Debug|Any CPU
		{18916D5C-ED74-4D78-AC2C-422C1A0B82D6}.Debug|x86.Build.0 = Debug|Any CPU
		{18916D5C-ED74-4D78-AC2C-422C1A0B82D6}.Release|Any CPU.ActiveCfg = Release|Any CPU
		{18916D5C-ED74-4D78-AC2C-422C1A0B82D6}.Release|Any CPU.Build.0 = Release|Any CPU
		{18916D5C-ED74-4D78-AC2C-422C1A0B82D6}.Release|x86.ActiveCfg = Release|Any CPU
		{18916D5C-ED74-4D78-AC2C-422C1A0B82D6}.Release|x86.Build.0 = Release|Any CPU
		{51132625-D3C4-4B0B-9CF4-F8BE2F25B4C5}.Debug|Any CPU.ActiveCfg = Debug|Any CPU
		{51132625-D3C4-4B0B-9CF4-F8BE2F25B4C5}.Debug|Any CPU.Build.0 = Debug|Any CPU
		{51132625-D3C4-4B0B-9CF4-F8BE2F25B4C5}.Debug|x86.ActiveCfg = Debug|Any CPU
		{51132625-D3C4-4B0B-9CF4-F8BE2F25B4C5}.Debug|x86.Build.0 = Debug|Any CPU
		{51132625-D3C4-4B0B-9CF4-F8BE2F25B4C5}.Release|Any CPU.ActiveCfg = Release|Any CPU
		{51132625-D3C4-4B0B-9CF4-F8BE2F25B4C5}.Release|Any CPU.Build.0 = Release|Any CPU
		{51132625-D3C4-4B0B-9CF4-F8BE2F25B4C5}.Release|x86.ActiveCfg = Release|Any CPU
		{51132625-D3C4-4B0B-9CF4-F8BE2F25B4C5}.Release|x86.Build.0 = Release|Any CPU
		{D49D748D-9DCA-47E2-9D26-38851AE60EBE}.Debug|Any CPU.ActiveCfg = Debug|Any CPU
		{D49D748D-9DCA-47E2-9D26-38851AE60EBE}.Debug|Any CPU.Build.0 = Debug|Any CPU
		{D49D748D-9DCA-47E2-9D26-38851AE60EBE}.Debug|Any CPU.Deploy.0 = Debug|Any CPU
		{D49D748D-9DCA-47E2-9D26-38851AE60EBE}.Debug|x86.ActiveCfg = Debug|Any CPU
		{D49D748D-9DCA-47E2-9D26-38851AE60EBE}.Debug|x86.Build.0 = Debug|Any CPU
		{D49D748D-9DCA-47E2-9D26-38851AE60EBE}.Debug|x86.Deploy.0 = Debug|Any CPU
		{D49D748D-9DCA-47E2-9D26-38851AE60EBE}.Release|Any CPU.ActiveCfg = Release|Any CPU
		{D49D748D-9DCA-47E2-9D26-38851AE60EBE}.Release|Any CPU.Build.0 = Release|Any CPU
		{D49D748D-9DCA-47E2-9D26-38851AE60EBE}.Release|Any CPU.Deploy.0 = Release|Any CPU
		{D49D748D-9DCA-47E2-9D26-38851AE60EBE}.Release|x86.ActiveCfg = Release|Any CPU
		{D49D748D-9DCA-47E2-9D26-38851AE60EBE}.Release|x86.Build.0 = Release|Any CPU
		{D49D748D-9DCA-47E2-9D26-38851AE60EBE}.Release|x86.Deploy.0 = Release|Any CPU
		{17C301CB-58E0-49A0-9892-89C147E17CBF}.Debug|Any CPU.ActiveCfg = Debug|Any CPU
		{17C301CB-58E0-49A0-9892-89C147E17CBF}.Debug|Any CPU.Build.0 = Debug|Any CPU
		{17C301CB-58E0-49A0-9892-89C147E17CBF}.Debug|x86.ActiveCfg = Debug|Any CPU
		{17C301CB-58E0-49A0-9892-89C147E17CBF}.Debug|x86.Build.0 = Debug|Any CPU
		{17C301CB-58E0-49A0-9892-89C147E17CBF}.Release|Any CPU.ActiveCfg = Release|Any CPU
		{17C301CB-58E0-49A0-9892-89C147E17CBF}.Release|Any CPU.Build.0 = Release|Any CPU
		{17C301CB-58E0-49A0-9892-89C147E17CBF}.Release|x86.ActiveCfg = Release|Any CPU
		{17C301CB-58E0-49A0-9892-89C147E17CBF}.Release|x86.Build.0 = Release|Any CPU
		{DFE826E5-D5C1-4703-A4B0-28FC6A17B4E2}.Debug|Any CPU.ActiveCfg = Debug|Any CPU
		{DFE826E5-D5C1-4703-A4B0-28FC6A17B4E2}.Debug|Any CPU.Build.0 = Debug|Any CPU
		{DFE826E5-D5C1-4703-A4B0-28FC6A17B4E2}.Debug|x86.ActiveCfg = Debug|Any CPU
		{DFE826E5-D5C1-4703-A4B0-28FC6A17B4E2}.Debug|x86.Build.0 = Debug|Any CPU
		{DFE826E5-D5C1-4703-A4B0-28FC6A17B4E2}.Release|Any CPU.ActiveCfg = Release|Any CPU
		{DFE826E5-D5C1-4703-A4B0-28FC6A17B4E2}.Release|Any CPU.Build.0 = Release|Any CPU
		{DFE826E5-D5C1-4703-A4B0-28FC6A17B4E2}.Release|x86.ActiveCfg = Release|Any CPU
		{DFE826E5-D5C1-4703-A4B0-28FC6A17B4E2}.Release|x86.Build.0 = Release|Any CPU
	EndGlobalSection
	GlobalSection(SolutionProperties) = preSolution
		HideSolutionNode = FALSE
	EndGlobalSection
	GlobalSection(ExtensibilityGlobals) = postSolution
		SolutionGuid = {E1C8987C-90F1-450F-A3BF-169900869403}
	EndGlobalSection
EndGlobal
